// !$*UTF8*$!
{
	archiveVersion = 1;
	classes = {
	};
	objectVersion = 51;
	objects = {

/* Begin PBXBuildFile section */
		167D7DF666B6A7AC58945AF6 /* Pods_Come_To_Yourself.framework in Frameworks */ = {isa = PBXBuildFile; fileRef = 9FFAADF6C9AAE5C3EEAC0E8D /* Pods_Come_To_Yourself.framework */; };
		F81FCA2C2446253500302AA8 /* TanitimViewController.swift in Sources */ = {isa = PBXBuildFile; fileRef = F81FCA2B2446253500302AA8 /* TanitimViewController.swift */; };
		F832C3852440222800AF0841 /* AnasayfaViewController.swift in Sources */ = {isa = PBXBuildFile; fileRef = F832C3842440222800AF0841 /* AnasayfaViewController.swift */; };
		F832C3882440224C00AF0841 /* EkleViewController.swift in Sources */ = {isa = PBXBuildFile; fileRef = F832C3872440224C00AF0841 /* EkleViewController.swift */; };
		F832C38B2440226700AF0841 /* ProfilViewController.swift in Sources */ = {isa = PBXBuildFile; fileRef = F832C38A2440226700AF0841 /* ProfilViewController.swift */; };
		F83968E6243FE55300AD6C2A /* VeriYapilari.swift in Sources */ = {isa = PBXBuildFile; fileRef = F83968E5243FE55300AD6C2A /* VeriYapilari.swift */; };
		F84F78D3243E53A400E869E0 /* KayitOlViewController.swift in Sources */ = {isa = PBXBuildFile; fileRef = F84F78D2243E53A400E869E0 /* KayitOlViewController.swift */; };
		F84F78D5243E56B500E869E0 /* Yardimcilar_Dizayn.swift in Sources */ = {isa = PBXBuildFile; fileRef = F84F78D4243E56B500E869E0 /* Yardimcilar_Dizayn.swift */; };
		F896140C24462DAD000C45A0 /* apple.gif in Resources */ = {isa = PBXBuildFile; fileRef = F896140B24462DAD000C45A0 /* apple.gif */; };
		F896140E24463154000C45A0 /* ciftetelli.mp3 in Resources */ = {isa = PBXBuildFile; fileRef = F896140D24463154000C45A0 /* ciftetelli.mp3 */; };
		F8ADCD08243E387300E22D31 /* AppDelegate.swift in Sources */ = {isa = PBXBuildFile; fileRef = F8ADCD07243E387300E22D31 /* AppDelegate.swift */; };
		F8ADCD0A243E387300E22D31 /* SceneDelegate.swift in Sources */ = {isa = PBXBuildFile; fileRef = F8ADCD09243E387300E22D31 /* SceneDelegate.swift */; };
		F8ADCD11243E387300E22D31 /* Main.storyboard in Resources */ = {isa = PBXBuildFile; fileRef = F8ADCD0F243E387300E22D31 /* Main.storyboard */; };
		F8ADCD13243E387500E22D31 /* Assets.xcassets in Resources */ = {isa = PBXBuildFile; fileRef = F8ADCD12243E387500E22D31 /* Assets.xcassets */; };
		F8ADCD16243E387500E22D31 /* LaunchScreen.storyboard in Resources */ = {isa = PBXBuildFile; fileRef = F8ADCD14243E387500E22D31 /* LaunchScreen.storyboard */; };
		F8ADCD1E243E40C900E22D31 /* GirisYapViewController.swift in Sources */ = {isa = PBXBuildFile; fileRef = F8ADCD1D243E40C900E22D31 /* GirisYapViewController.swift */; };
		F8DB4D60243EB134006EF272 /* BaglantiKontrol.swift in Sources */ = {isa = PBXBuildFile; fileRef = F8DB4D5F243EB134006EF272 /* BaglantiKontrol.swift */; };
/* End PBXBuildFile section */

/* Begin PBXFileReference section */
		6DD12BCFD505DFA0BB74608C /* Pods-Come-To-Yourself.release.xcconfig */ = {isa = PBXFileReference; includeInIndex = 1; lastKnownFileType = text.xcconfig; name = "Pods-Come-To-Yourself.release.xcconfig"; path = "Target Support Files/Pods-Come-To-Yourself/Pods-Come-To-Yourself.release.xcconfig"; sourceTree = "<group>"; };
		96AE0194854CC9FBA48C726C /* Pods-Come-To-Yourself.debug.xcconfig */ = {isa = PBXFileReference; includeInIndex = 1; lastKnownFileType = text.xcconfig; name = "Pods-Come-To-Yourself.debug.xcconfig"; path = "Target Support Files/Pods-Come-To-Yourself/Pods-Come-To-Yourself.debug.xcconfig"; sourceTree = "<group>"; };
		9FFAADF6C9AAE5C3EEAC0E8D /* Pods_Come_To_Yourself.framework */ = {isa = PBXFileReference; explicitFileType = wrapper.framework; includeInIndex = 0; path = Pods_Come_To_Yourself.framework; sourceTree = BUILT_PRODUCTS_DIR; };
		F81FCA2B2446253500302AA8 /* TanitimViewController.swift */ = {isa = PBXFileReference; lastKnownFileType = sourcecode.swift; path = TanitimViewController.swift; sourceTree = "<group>"; };
		F832C3842440222800AF0841 /* AnasayfaViewController.swift */ = {isa = PBXFileReference; lastKnownFileType = sourcecode.swift; path = AnasayfaViewController.swift; sourceTree = "<group>"; };
		F832C3872440224C00AF0841 /* EkleViewController.swift */ = {isa = PBXFileReference; lastKnownFileType = sourcecode.swift; path = EkleViewController.swift; sourceTree = "<group>"; };
		F832C38A2440226700AF0841 /* ProfilViewController.swift */ = {isa = PBXFileReference; lastKnownFileType = sourcecode.swift; path = ProfilViewController.swift; sourceTree = "<group>"; };
		F83968E5243FE55300AD6C2A /* VeriYapilari.swift */ = {isa = PBXFileReference; lastKnownFileType = sourcecode.swift; path = VeriYapilari.swift; sourceTree = "<group>"; };
		F84F78D2243E53A400E869E0 /* KayitOlViewController.swift */ = {isa = PBXFileReference; lastKnownFileType = sourcecode.swift; path = KayitOlViewController.swift; sourceTree = "<group>"; };
		F84F78D4243E56B500E869E0 /* Yardimcilar_Dizayn.swift */ = {isa = PBXFileReference; lastKnownFileType = sourcecode.swift; path = Yardimcilar_Dizayn.swift; sourceTree = "<group>"; };
		F896140B24462DAD000C45A0 /* apple.gif */ = {isa = PBXFileReference; lastKnownFileType = image.gif; path = apple.gif; sourceTree = "<group>"; };
		F896140D24463154000C45A0 /* ciftetelli.mp3 */ = {isa = PBXFileReference; lastKnownFileType = audio.mp3; path = ciftetelli.mp3; sourceTree = "<group>"; };
		F8ADCD04243E387300E22D31 /* Come-To-Yourself.app */ = {isa = PBXFileReference; explicitFileType = wrapper.application; includeInIndex = 0; path = "Come-To-Yourself.app"; sourceTree = BUILT_PRODUCTS_DIR; };
		F8ADCD07243E387300E22D31 /* AppDelegate.swift */ = {isa = PBXFileReference; lastKnownFileType = sourcecode.swift; path = AppDelegate.swift; sourceTree = "<group>"; };
		F8ADCD09243E387300E22D31 /* SceneDelegate.swift */ = {isa = PBXFileReference; lastKnownFileType = sourcecode.swift; path = SceneDelegate.swift; sourceTree = "<group>"; };
		F8ADCD10243E387300E22D31 /* Base */ = {isa = PBXFileReference; lastKnownFileType = file.storyboard; name = Base; path = Base.lproj/Main.storyboard; sourceTree = "<group>"; };
		F8ADCD12243E387500E22D31 /* Assets.xcassets */ = {isa = PBXFileReference; lastKnownFileType = folder.assetcatalog; path = Assets.xcassets; sourceTree = "<group>"; };
		F8ADCD15243E387500E22D31 /* Base */ = {isa = PBXFileReference; lastKnownFileType = file.storyboard; name = Base; path = Base.lproj/LaunchScreen.storyboard; sourceTree = "<group>"; };
		F8ADCD17243E387500E22D31 /* Info.plist */ = {isa = PBXFileReference; lastKnownFileType = text.plist.xml; path = Info.plist; sourceTree = "<group>"; };
		F8ADCD1D243E40C900E22D31 /* GirisYapViewController.swift */ = {isa = PBXFileReference; lastKnownFileType = sourcecode.swift; path = GirisYapViewController.swift; sourceTree = "<group>"; };
		F8DB4D5F243EB134006EF272 /* BaglantiKontrol.swift */ = {isa = PBXFileReference; lastKnownFileType = sourcecode.swift; path = BaglantiKontrol.swift; sourceTree = "<group>"; };
/* End PBXFileReference section */

/* Begin PBXFrameworksBuildPhase section */
		F8ADCD01243E387300E22D31 /* Frameworks */ = {
			isa = PBXFrameworksBuildPhase;
			buildActionMask = 2147483647;
			files = (
				167D7DF666B6A7AC58945AF6 /* Pods_Come_To_Yourself.framework in Frameworks */,
			);
			runOnlyForDeploymentPostprocessing = 0;
		};
/* End PBXFrameworksBuildPhase section */

/* Begin PBXGroup section */
		664DEF17202E5702477D8FDE /* Pods */ = {
			isa = PBXGroup;
			children = (
				96AE0194854CC9FBA48C726C /* Pods-Come-To-Yourself.debug.xcconfig */,
				6DD12BCFD505DFA0BB74608C /* Pods-Come-To-Yourself.release.xcconfig */,
			);
			path = Pods;
			sourceTree = "<group>";
		};
		86D9CCF435F5E494A8482C52 /* Frameworks */ = {
			isa = PBXGroup;
			children = (
				9FFAADF6C9AAE5C3EEAC0E8D /* Pods_Come_To_Yourself.framework */,
			);
			name = Frameworks;
			sourceTree = "<group>";
		};
		F801466F243EFB4F00A1E251 /* Yardimcılar */ = {
			isa = PBXGroup;
			children = (
				F83968E5243FE55300AD6C2A /* VeriYapilari.swift */,
				F8DB4D5F243EB134006EF272 /* BaglantiKontrol.swift */,
				F84F78D4243E56B500E869E0 /* Yardimcilar_Dizayn.swift */,
			);
			path = "Yardimcılar";
			sourceTree = "<group>";
		};
		F832C3832440220B00AF0841 /* Anasayfa */ = {
			isa = PBXGroup;
			children = (
				F832C3842440222800AF0841 /* AnasayfaViewController.swift */,
			);
			path = Anasayfa;
			sourceTree = "<group>";
		};
		F832C3862440223800AF0841 /* Ekle */ = {
			isa = PBXGroup;
			children = (
				F832C3872440224C00AF0841 /* EkleViewController.swift */,
			);
			path = Ekle;
			sourceTree = "<group>";
		};
		F832C3892440225600AF0841 /* Profil */ = {
			isa = PBXGroup;
			children = (
				F832C38A2440226700AF0841 /* ProfilViewController.swift */,
			);
			path = Profil;
			sourceTree = "<group>";
		};
		F8ADCCFB243E387200E22D31 = {
			isa = PBXGroup;
			children = (
				F8ADCD06243E387300E22D31 /* Come-To-Yourself */,
				F8ADCD05243E387300E22D31 /* Products */,
				664DEF17202E5702477D8FDE /* Pods */,
				86D9CCF435F5E494A8482C52 /* Frameworks */,
			);
			sourceTree = "<group>";
		};
		F8ADCD05243E387300E22D31 /* Products */ = {
			isa = PBXGroup;
			children = (
				F8ADCD04243E387300E22D31 /* Come-To-Yourself.app */,
			);
			name = Products;
			sourceTree = "<group>";
		};
		F8ADCD06243E387300E22D31 /* Come-To-Yourself */ = {
			isa = PBXGroup;
			children = (
				F8ADCD07243E387300E22D31 /* AppDelegate.swift */,
				F8ADCD09243E387300E22D31 /* SceneDelegate.swift */,
				F801466F243EFB4F00A1E251 /* Yardimcılar */,
				F832C3832440220B00AF0841 /* Anasayfa */,
				F832C3862440223800AF0841 /* Ekle */,
				F832C3892440225600AF0841 /* Profil */,
				F84F78D2243E53A400E869E0 /* KayitOlViewController.swift */,
				F8ADCD1D243E40C900E22D31 /* GirisYapViewController.swift */,
				F81FCA2B2446253500302AA8 /* TanitimViewController.swift */,
				F8ADCD0F243E387300E22D31 /* Main.storyboard */,
				F8ADCD12243E387500E22D31 /* Assets.xcassets */,
				F8ADCD14243E387500E22D31 /* LaunchScreen.storyboard */,
				F896140D24463154000C45A0 /* ciftetelli.mp3 */,
				F896140B24462DAD000C45A0 /* apple.gif */,
				F8ADCD17243E387500E22D31 /* Info.plist */,
			);
			path = "Come-To-Yourself";
			sourceTree = "<group>";
		};
/* End PBXGroup section */

/* Begin PBXNativeTarget section */
		F8ADCD03243E387300E22D31 /* Come-To-Yourself */ = {
			isa = PBXNativeTarget;
			buildConfigurationList = F8ADCD1A243E387500E22D31 /* Build configuration list for PBXNativeTarget "Come-To-Yourself" */;
			buildPhases = (
				443ADD7DA8797267F75D904B /* [CP] Check Pods Manifest.lock */,
				F8ADCD00243E387300E22D31 /* Sources */,
				F8ADCD01243E387300E22D31 /* Frameworks */,
				F8ADCD02243E387300E22D31 /* Resources */,
				38DDA39DD5FFC08644DF9D67 /* [CP] Embed Pods Frameworks */,
			);
			buildRules = (
			);
			dependencies = (
			);
			name = "Come-To-Yourself";
			productName = "Come-To-Yourself";
			productReference = F8ADCD04243E387300E22D31 /* Come-To-Yourself.app */;
			productType = "com.apple.product-type.application";
		};
/* End PBXNativeTarget section */

/* Begin PBXProject section */
		F8ADCCFC243E387200E22D31 /* Project object */ = {
			isa = PBXProject;
			attributes = {
				LastSwiftUpdateCheck = 1140;
				LastUpgradeCheck = 1140;
				ORGANIZATIONNAME = "Serkan Mehmet Malagiç";
				TargetAttributes = {
					F8ADCD03243E387300E22D31 = {
						CreatedOnToolsVersion = 11.4;
					};
				};
			};
			buildConfigurationList = F8ADCCFF243E387200E22D31 /* Build configuration list for PBXProject "Come-To-Yourself" */;
			compatibilityVersion = "Xcode 9.3";
			developmentRegion = en;
			hasScannedForEncodings = 0;
			knownRegions = (
				en,
				Base,
			);
			mainGroup = F8ADCCFB243E387200E22D31;
			productRefGroup = F8ADCD05243E387300E22D31 /* Products */;
			projectDirPath = "";
			projectRoot = "";
			targets = (
				F8ADCD03243E387300E22D31 /* Come-To-Yourself */,
			);
		};
/* End PBXProject section */

/* Begin PBXResourcesBuildPhase section */
		F8ADCD02243E387300E22D31 /* Resources */ = {
			isa = PBXResourcesBuildPhase;
			buildActionMask = 2147483647;
			files = (
				F8ADCD16243E387500E22D31 /* LaunchScreen.storyboard in Resources */,
				F8ADCD13243E387500E22D31 /* Assets.xcassets in Resources */,
				F896140E24463154000C45A0 /* ciftetelli.mp3 in Resources */,
				F896140C24462DAD000C45A0 /* apple.gif in Resources */,
				F8ADCD11243E387300E22D31 /* Main.storyboard in Resources */,
			);
			runOnlyForDeploymentPostprocessing = 0;
		};
/* End PBXResourcesBuildPhase section */

/* Begin PBXShellScriptBuildPhase section */
		38DDA39DD5FFC08644DF9D67 /* [CP] Embed Pods Frameworks */ = {
			isa = PBXShellScriptBuildPhase;
			buildActionMask = 2147483647;
			files = (
			);
			inputFileListPaths = (
				"${PODS_ROOT}/Target Support Files/Pods-Come-To-Yourself/Pods-Come-To-Yourself-frameworks-${CONFIGURATION}-input-files.xcfilelist",
			);
			name = "[CP] Embed Pods Frameworks";
			outputFileListPaths = (
				"${PODS_ROOT}/Target Support Files/Pods-Come-To-Yourself/Pods-Come-To-Yourself-frameworks-${CONFIGURATION}-output-files.xcfilelist",
			);
			runOnlyForDeploymentPostprocessing = 0;
			shellPath = /bin/sh;
			shellScript = "\"${PODS_ROOT}/Target Support Files/Pods-Come-To-Yourself/Pods-Come-To-Yourself-frameworks.sh\"\n";
			showEnvVarsInLog = 0;
		};
		443ADD7DA8797267F75D904B /* [CP] Check Pods Manifest.lock */ = {
			isa = PBXShellScriptBuildPhase;
			buildActionMask = 2147483647;
			files = (
			);
			inputFileListPaths = (
			);
			inputPaths = (
				"${PODS_PODFILE_DIR_PATH}/Podfile.lock",
				"${PODS_ROOT}/Manifest.lock",
			);
			name = "[CP] Check Pods Manifest.lock";
			outputFileListPaths = (
			);
			outputPaths = (
				"$(DERIVED_FILE_DIR)/Pods-Come-To-Yourself-checkManifestLockResult.txt",
			);
			runOnlyForDeploymentPostprocessing = 0;
			shellPath = /bin/sh;
			shellScript = "diff \"${PODS_PODFILE_DIR_PATH}/Podfile.lock\" \"${PODS_ROOT}/Manifest.lock\" > /dev/null\nif [ $? != 0 ] ; then\n    # print error to STDERR\n    echo \"error: The sandbox is not in sync with the Podfile.lock. Run 'pod install' or update your CocoaPods installation.\" >&2\n    exit 1\nfi\n# This output is used by Xcode 'outputs' to avoid re-running this script phase.\necho \"SUCCESS\" > \"${SCRIPT_OUTPUT_FILE_0}\"\n";
			showEnvVarsInLog = 0;
		};
/* End PBXShellScriptBuildPhase section */

/* Begin PBXSourcesBuildPhase section */
		F8ADCD00243E387300E22D31 /* Sources */ = {
			isa = PBXSourcesBuildPhase;
			buildActionMask = 2147483647;
			files = (
				F84F78D3243E53A400E869E0 /* KayitOlViewController.swift in Sources */,
				F83968E6243FE55300AD6C2A /* VeriYapilari.swift in Sources */,
				F832C3852440222800AF0841 /* AnasayfaViewController.swift in Sources */,
				F8DB4D60243EB134006EF272 /* BaglantiKontrol.swift in Sources */,
				F84F78D5243E56B500E869E0 /* Yardimcilar_Dizayn.swift in Sources */,
				F81FCA2C2446253500302AA8 /* TanitimViewController.swift in Sources */,
				F8ADCD08243E387300E22D31 /* AppDelegate.swift in Sources */,
				F832C38B2440226700AF0841 /* ProfilViewController.swift in Sources */,
				F8ADCD1E243E40C900E22D31 /* GirisYapViewController.swift in Sources */,
				F832C3882440224C00AF0841 /* EkleViewController.swift in Sources */,
				F8ADCD0A243E387300E22D31 /* SceneDelegate.swift in Sources */,
			);
			runOnlyForDeploymentPostprocessing = 0;
		};
/* End PBXSourcesBuildPhase section */

/* Begin PBXVariantGroup section */
		F8ADCD0F243E387300E22D31 /* Main.storyboard */ = {
			isa = PBXVariantGroup;
			children = (
				F8ADCD10243E387300E22D31 /* Base */,
			);
			name = Main.storyboard;
			sourceTree = "<group>";
		};
		F8ADCD14243E387500E22D31 /* LaunchScreen.storyboard */ = {
			isa = PBXVariantGroup;
			children = (
				F8ADCD15243E387500E22D31 /* Base */,
			);
			name = LaunchScreen.storyboard;
			sourceTree = "<group>";
		};
/* End PBXVariantGroup section */

/* Begin XCBuildConfiguration section */
		F8ADCD18243E387500E22D31 /* Debug */ = {
			isa = XCBuildConfiguration;
			buildSettings = {
				ALWAYS_SEARCH_USER_PATHS = NO;
				CLANG_ANALYZER_NONNULL = YES;
				CLANG_ANALYZER_NUMBER_OBJECT_CONVERSION = YES_AGGRESSIVE;
				CLANG_CXX_LANGUAGE_STANDARD = "gnu++14";
				CLANG_CXX_LIBRARY = "libc++";
				CLANG_ENABLE_MODULES = YES;
				CLANG_ENABLE_OBJC_ARC = YES;
				CLANG_ENABLE_OBJC_WEAK = YES;
				CLANG_WARN_BLOCK_CAPTURE_AUTORELEASING = YES;
				CLANG_WARN_BOOL_CONVERSION = YES;
				CLANG_WARN_COMMA = YES;
				CLANG_WARN_CONSTANT_CONVERSION = YES;
				CLANG_WARN_DEPRECATED_OBJC_IMPLEMENTATIONS = YES;
				CLANG_WARN_DIRECT_OBJC_ISA_USAGE = YES_ERROR;
				CLANG_WARN_DOCUMENTATION_COMMENTS = YES;
				CLANG_WARN_EMPTY_BODY = YES;
				CLANG_WARN_ENUM_CONVERSION = YES;
				CLANG_WARN_INFINITE_RECURSION = YES;
				CLANG_WARN_INT_CONVERSION = YES;
				CLANG_WARN_NON_LITERAL_NULL_CONVERSION = YES;
				CLANG_WARN_OBJC_IMPLICIT_RETAIN_SELF = YES;
				CLANG_WARN_OBJC_LITERAL_CONVERSION = YES;
				CLANG_WARN_OBJC_ROOT_CLASS = YES_ERROR;
				CLANG_WARN_RANGE_LOOP_ANALYSIS = YES;
				CLANG_WARN_STRICT_PROTOTYPES = YES;
				CLANG_WARN_SUSPICIOUS_MOVE = YES;
				CLANG_WARN_UNGUARDED_AVAILABILITY = YES_AGGRESSIVE;
				CLANG_WARN_UNREACHABLE_CODE = YES;
				CLANG_WARN__DUPLICATE_METHOD_MATCH = YES;
				COPY_PHASE_STRIP = NO;
				DEBUG_INFORMATION_FORMAT = dwarf;
				ENABLE_STRICT_OBJC_MSGSEND = YES;
				ENABLE_TESTABILITY = YES;
				GCC_C_LANGUAGE_STANDARD = gnu11;
				GCC_DYNAMIC_NO_PIC = NO;
				GCC_NO_COMMON_BLOCKS = YES;
				GCC_OPTIMIZATION_LEVEL = 0;
				GCC_PREPROCESSOR_DEFINITIONS = (
					"DEBUG=1",
					"$(inherited)",
				);
				GCC_WARN_64_TO_32_BIT_CONVERSION = YES;
				GCC_WARN_ABOUT_RETURN_TYPE = YES_ERROR;
				GCC_WARN_UNDECLARED_SELECTOR = YES;
				GCC_WARN_UNINITIALIZED_AUTOS = YES_AGGRESSIVE;
				GCC_WARN_UNUSED_FUNCTION = YES;
				GCC_WARN_UNUSED_VARIABLE = YES;
				IPHONEOS_DEPLOYMENT_TARGET = 13.4;
				MTL_ENABLE_DEBUG_INFO = INCLUDE_SOURCE;
				MTL_FAST_MATH = YES;
				ONLY_ACTIVE_ARCH = YES;
				SDKROOT = iphoneos;
				SWIFT_ACTIVE_COMPILATION_CONDITIONS = DEBUG;
				SWIFT_OPTIMIZATION_LEVEL = "-Onone";
			};
			name = Debug;
		};
		F8ADCD19243E387500E22D31 /* Release */ = {
			isa = XCBuildConfiguration;
			buildSettings = {
				ALWAYS_SEARCH_USER_PATHS = NO;
				CLANG_ANALYZER_NONNULL = YES;
				CLANG_ANALYZER_NUMBER_OBJECT_CONVERSION = YES_AGGRESSIVE;
				CLANG_CXX_LANGUAGE_STANDARD = "gnu++14";
				CLANG_CXX_LIBRARY = "libc++";
				CLANG_ENABLE_MODULES = YES;
				CLANG_ENABLE_OBJC_ARC = YES;
				CLANG_ENABLE_OBJC_WEAK = YES;
				CLANG_WARN_BLOCK_CAPTURE_AUTORELEASING = YES;
				CLANG_WARN_BOOL_CONVERSION = YES;
				CLANG_WARN_COMMA = YES;
				CLANG_WARN_CONSTANT_CONVERSION = YES;
				CLANG_WARN_DEPRECATED_OBJC_IMPLEMENTATIONS = YES;
				CLANG_WARN_DIRECT_OBJC_ISA_USAGE = YES_ERROR;
				CLANG_WARN_DOCUMENTATION_COMMENTS = YES;
				CLANG_WARN_EMPTY_BODY = YES;
				CLANG_WARN_ENUM_CONVERSION = YES;
				CLANG_WARN_INFINITE_RECURSION = YES;
				CLANG_WARN_INT_CONVERSION = YES;
				CLANG_WARN_NON_LITERAL_NULL_CONVERSION = YES;
				CLANG_WARN_OBJC_IMPLICIT_RETAIN_SELF = YES;
				CLANG_WARN_OBJC_LITERAL_CONVERSION = YES;
				CLANG_WARN_OBJC_ROOT_CLASS = YES_ERROR;
				CLANG_WARN_RANGE_LOOP_ANALYSIS = YES;
				CLANG_WARN_STRICT_PROTOTYPES = YES;
				CLANG_WARN_SUSPICIOUS_MOVE = YES;
				CLANG_WARN_UNGUARDED_AVAILABILITY = YES_AGGRESSIVE;
				CLANG_WARN_UNREACHABLE_CODE = YES;
				CLANG_WARN__DUPLICATE_METHOD_MATCH = YES;
				COPY_PHASE_STRIP = NO;
				DEBUG_INFORMATION_FORMAT = "dwarf-with-dsym";
				ENABLE_NS_ASSERTIONS = NO;
				ENABLE_STRICT_OBJC_MSGSEND = YES;
				GCC_C_LANGUAGE_STANDARD = gnu11;
				GCC_NO_COMMON_BLOCKS = YES;
				GCC_WARN_64_TO_32_BIT_CONVERSION = YES;
				GCC_WARN_ABOUT_RETURN_TYPE = YES_ERROR;
				GCC_WARN_UNDECLARED_SELECTOR = YES;
				GCC_WARN_UNINITIALIZED_AUTOS = YES_AGGRESSIVE;
				GCC_WARN_UNUSED_FUNCTION = YES;
				GCC_WARN_UNUSED_VARIABLE = YES;
				IPHONEOS_DEPLOYMENT_TARGET = 13.4;
				MTL_ENABLE_DEBUG_INFO = NO;
				MTL_FAST_MATH = YES;
				SDKROOT = iphoneos;
				SWIFT_COMPILATION_MODE = wholemodule;
				SWIFT_OPTIMIZATION_LEVEL = "-O";
				VALIDATE_PRODUCT = YES;
			};
			name = Release;
		};
		F8ADCD1B243E387500E22D31 /* Debug */ = {
			isa = XCBuildConfiguration;
			baseConfigurationReference = 96AE0194854CC9FBA48C726C /* Pods-Come-To-Yourself.debug.xcconfig */;
			buildSettings = {
				ASSETCATALOG_COMPILER_APPICON_NAME = AppIcon;
				CODE_SIGN_STYLE = Automatic;
				DEVELOPMENT_TEAM = 2584UNKWXQ;
				INFOPLIST_FILE = "Come-To-Yourself/Info.plist";
				LD_RUNPATH_SEARCH_PATHS = (
					"$(inherited)",
					"@executable_path/Frameworks",
				);
				PRODUCT_BUNDLE_IDENTIFIER = "com.serkanmehmetmalagic.Come-To-Yourself";
				PRODUCT_NAME = "$(TARGET_NAME)";
				SWIFT_VERSION = 5.0;
				TARGETED_DEVICE_FAMILY = "1,2";
			};
			name = Debug;
		};
		F8ADCD1C243E387500E22D31 /* Release */ = {
			isa = XCBuildConfiguration;
			baseConfigurationReference = 6DD12BCFD505DFA0BB74608C /* Pods-Come-To-Yourself.release.xcconfig */;
			buildSettings = {
				ASSETCATALOG_COMPILER_APPICON_NAME = AppIcon;
				CODE_SIGN_STYLE = Automatic;
				DEVELOPMENT_TEAM = 2584UNKWXQ;
				INFOPLIST_FILE = "Come-To-Yourself/Info.plist";
				LD_RUNPATH_SEARCH_PATHS = (
					"$(inherited)",
					"@executable_path/Frameworks",
				);
				PRODUCT_BUNDLE_IDENTIFIER = "com.serkanmehmetmalagic.Come-To-Yourself";
				PRODUCT_NAME = "$(TARGET_NAME)";
				SWIFT_VERSION = 5.0;
				TARGETED_DEVICE_FAMILY = "1,2";
			};
			name = Release;
		};
/* End XCBuildConfiguration section */

/* Begin XCConfigurationList section */
		F8ADCCFF243E387200E22D31 /* Build configuration list for PBXProject "Come-To-Yourself" */ = {
			isa = XCConfigurationList;
			buildConfigurations = (
				F8ADCD18243E387500E22D31 /* Debug */,
				F8ADCD19243E387500E22D31 /* Release */,
			);
			defaultConfigurationIsVisible = 0;
			defaultConfigurationName = Release;
		};
		F8ADCD1A243E387500E22D31 /* Build configuration list for PBXNativeTarget "Come-To-Yourself" */ = {
			isa = XCConfigurationList;
			buildConfigurations = (
				F8ADCD1B243E387500E22D31 /* Debug */,
				F8ADCD1C243E387500E22D31 /* Release */,
			);
			defaultConfigurationIsVisible = 0;
			defaultConfigurationName = Release;
		};
/* End XCConfigurationList section */
	};
	rootObject = F8ADCCFC243E387200E22D31 /* Project object */;
}
